{"1.2.0",
[{<<"any">>,{pkg,<<"any">>,<<"0.3.2">>},4},
 {<<"aten">>,{pkg,<<"aten">>,<<"0.6.0">>},4},
 {<<"cowboy">>,{pkg,<<"cowboy">>,<<"2.12.0">>},1},
 {<<"cowlib">>,{pkg,<<"cowlib">>,<<"2.13.0">>},2},
 {<<"evoq">>,{pkg,<<"evoq">>,<<"1.23.0">>},1},
 {<<"faber_tweann">>,{pkg,<<"faber_tweann">>,<<"2.4.0">>},0},
 {<<"gen_batch_server">>,{pkg,<<"gen_batch_server">>,<<"0.8.9">>},4},
 {<<"gproc">>,{pkg,<<"gproc">>,<<"0.9.1">>},2},
 {<<"hecate_om">>,{pkg,<<"hecate_om">>,<<"0.9.0">>},0},
 {<<"horus">>,{pkg,<<"horus">>,<<"0.3.1">>},3},
 {<<"jsx">>,{pkg,<<"jsx">>,<<"3.1.0">>},1},
 {<<"khepri">>,{pkg,<<"khepri">>,<<"0.17.2">>},2},
 {<<"macula">>,{pkg,<<"macula">>,<<"7.1.0">>},1},
 {<<"macula_envy">>,{pkg,<<"macula_envy">>,<<"0.1.1">>},3},
 {<<"macula_mdns">>,{pkg,<<"macula_mdns">>,<<"0.1.0">>},2},
 {<<"msgpack">>,{pkg,<<"msgpack">>,<<"0.8.1">>},2},
 {<<"ra">>,{pkg,<<"ra">>,<<"2.16.12">>},3},
 {<<"ranch">>,{pkg,<<"ranch">>,<<"1.8.0">>},2},
 {<<"reckon_db">>,{pkg,<<"reckon_db">>,<<"5.11.0">>},1},
 {<<"reckon_evoq">>,{pkg,<<"reckon_evoq">>,<<"2.7.0">>},1},
 {<<"reckon_gater">>,{pkg,<<"reckon_gater">>,<<"3.11.0">>},2},
 {<<"seshat">>,{pkg,<<"seshat">>,<<"0.6.0">>},4},
 {<<"telemetry">>,{pkg,<<"telemetry">>,<<"1.3.0">>},2}]}.
[
{pkg_hash,[
 {<<"any">>, <<"D13C2C0CFE1411DDB0C08113A25C7284545C44D6C759226815DE47100F65FECC">>},
 {<<"aten">>, <<"7A57B275A6DAF515AC3683FB9853E280B4D0DCDD74292FD66AC4A01C8694F8C7">>},
 {<<"cowboy">>, <<"F276D521A1FF88B2B9B4C54D0E753DA6C66DD7BE6C9FCA3D9418B561828A3731">>},
 {<<"cowlib">>, <<"DB8F7505D8332D98EF50A3EF34B34C1AFDDEC7506E4EE4DD4A3A266285D282CA">>},
 {<<"evoq">>, <<"A89055A40B3841359CE5723A84EB27CF6544265F436DDB02749B4E737804F3C1">>},
 {<<"faber_tweann">>, <<"9AEB60FC106102E70612C7AA82A8FBF880BC4CE63A50DCDA20E206803AB78D1E">>},
 {<<"gen_batch_server">>, <<"1C6BC0F530BF8C17E8B4ACC20C2CC369FFA5BEE2B46DE01E21410745F24B1BC9">>},
 {<<"gproc">>, <<"F1DF0364423539CF0B80E8201C8B1839E229E5F9B3CCB944C5834626998F5B8C">>},
 {<<"hecate_om">>, <<"1BCF4A4ACEE3AF3C00AD3CDF03C3228A6CC1B0FC23E80583DE481E8A183D6167">>},
 {<<"horus">>, <<"A5274C96E15924C28413752617B06050E4B08C04628B88209AFF9EA076F2BCB5">>},
 {<<"jsx">>, <<"D12516BAA0BB23A59BB35DCCAF02A1BD08243FCBB9EFE24F2D9D056CCFF71268">>},
 {<<"khepri">>, <<"9E23429CDCEE780D54F36CDE7550A781C2F217EA1F218794B0BCFB86373BA199">>},
 {<<"macula">>, <<"2AD67414995EC06E3B72CADD3F9B56791BB862BEEE63EAB2F26E52F778494FC0">>},
 {<<"macula_envy">>, <<"1CB8E9598C9335A258ACA7EF11FE317B582B3956ACBA2A0128588198C9B188E8">>},
 {<<"macula_mdns">>, <<"3A055BEBF2D24E921D96359626D1887AB29E7271961C88F12F66B74572132865">>},
 {<<"msgpack">>, <<"DEB35C13291EAFE56AD9870374C2EAA92323DC5503D50432EBCAF47052E6D343">>},
 {<<"ra">>, <<"D97D0213E38C7D334128AA31940444EBFEEF3D370BA5F4ACC08D2BFBCC4979E9">>},
 {<<"ranch">>, <<"8C7A100A139FD57F17327B6413E4167AC559FBC04CA7448E9BE9057311597A1D">>},
 {<<"reckon_db">>, <<"1471083B51930919976EA8240FB6D1374904AA005B6EB68E9429F8EA0F2C6562">>},
 {<<"reckon_evoq">>, <<"93FC18F14D955479636BD31D6C635488E1161F1C932BEE5CC5F8CDAF4E5FB0B0">>},
 {<<"reckon_gater">>, <<"30516C0D4A2DF3E1FC61D6EDEC4B1D1B4FAE738FDEA82CF4EF5AC0217BAA762B">>},
 {<<"seshat">>, <<"3172EB1D7A2A4F66108CD6933A4E465AFF80F84AA90ED83F047B92F636123CCD">>},
 {<<"telemetry">>, <<"FEDEBBAE410D715CF8E7062C96A1EF32EC22E764197F70CDA73D82778D61E7A2">>}]},
{pkg_hash_ext,[
 {<<"any">>, <<"B129E16DAE98BD981F9BCDE1DD262C61E2958A2A75D231F94EC2FC90ACAB37F9">>},
 {<<"aten">>, <<"5F39A164206AE3F211EF5880B1F7819415686436E3229D30B6A058564FBAA168">>},
 {<<"cowboy">>, <<"8A7ABE6D183372CEB21CAA2709BEC928AB2B72E18A3911AA1771639BEF82651E">>},
 {<<"cowlib">>, <<"E1E1284DC3FC030A64B1AD0D8382AE7E99DA46C3246B815318A4B848873800A4">>},
 {<<"evoq">>, <<"A5F7FED3E23DFED71A7C691A3F09A854BDD95A5564523D2B51580E6524254903">>},
 {<<"faber_tweann">>, <<"16E536D1D2E6C3E824966E77810BE4CE68B2B79A1122DF4BEBC51626A066F8B1">>},
 {<<"gen_batch_server">>, <<"C8581FE4A4B6BCCF91E53CE6A8C7E6C27C8C591BAB5408B160166463F5579C22">>},
 {<<"gproc">>, <<"905088E32E72127ED9466F0BAC0D8E65704CA5E73EE5A62CB073C3117916D507">>},
 {<<"hecate_om">>, <<"5564B535F3F515AFCC675A2A1986C1D5FC3401E165288602674C22A0F42BEF46">>},
 {<<"horus">>, <<"D564D30EBC274F0D92C3D44A336D0B892F000BE159912AE4E6838701E85495EC">>},
 {<<"jsx">>, <<"0C5CC8FDC11B53CC25CF65AC6705AD39E54ECC56D1C22E4ADB8F5A53FB9427F3">>},
 {<<"khepri">>, <<"F42B4CD5E936EEEE8E89FD6CB05316935BE7611A42042FB9BAA2C10450CB77ED">>},
 {<<"macula">>, <<"B20AF3E3D91CE1FE4BC2B4147FF1F6E9B27646BBA450A9F6DD63D2C0CDFABF24">>},
 {<<"macula_envy">>, <<"E6E131CB43979006F47484EB7A140E9525BA6CA57556FC74CCBDC90336C3C198">>},
 {<<"macula_mdns">>, <<"910693CB4A05CC5B92A64A635A53082EECD01732C303730FB3FCF53F44F7FA26">>},
 {<<"msgpack">>, <<"04D9A75BC6F4BED8627EE1E7AA9DF37601F510FDC786A84FE932BB21D765565F">>},
 {<<"ra">>, <<"8A8F1A05250F9E91E253FD6CEE13A3551ECB2B10295D2E35233A3C0FE8EC2459">>},
 {<<"ranch">>, <<"49FBCFD3682FAB1F5D109351B61257676DA1A2FDBE295904176D5E521A2DDFE5">>},
 {<<"reckon_db">>, <<"20B2EFBC1BDA54C2F7D7D89970592F8D49A55CBF17653F5538386E1776858FBF">>},
 {<<"reckon_evoq">>, <<"2315428B31C355244FA5901DABA633FF93C931F5A135948C173A42D0D6F36049">>},
 {<<"reckon_gater">>, <<"C9AC045F77B01FB631023A67A995C2264CB97B18305C9E5852813E8081ACE6D9">>},
 {<<"seshat">>, <<"7CEF700F92831DD7CAE6A6DD223CCC55AC88ECCE0631EE9AB0F2B5FB70E79B90">>},
 {<<"telemetry">>, <<"7015FC8919DBE63764F4B4B87A95B7C0996BD539E0D499BE6EC9D7F3875B79E6">>}]}
].
